
Microsoft Visual Studio Solution File, Format Version 12.00
# Visual Studio Version 17
VisualStudioVersion = 17.10.35122.118
MinimumVisualStudioVersion = 10.0.40219.1
Project("{FAE04EC0-301F-11D3-BF4B-00C04F79EFBC}") = "BookShoppingCartMvcUI", "BookShoppingCartMvcUI\BookShoppingCartMvcUI.csproj", "{A97E200F-D4FE-4D4C-AF27-EDE78C210716}"
EndProject
Global
	GlobalSection(SolutionConfigurationPlatforms) = preSolution
		Debug|Any CPU = Debug|Any CPU
		Release|Any CPU = Release|Any CPU
	EndGlobalSection
	GlobalSection(ProjectConfigurationPlatforms) = postSolution
		{A97E200F-D4FE-4D4C-AF27-EDE78C210716}.Debug|Any CPU.ActiveCfg = Debug|Any CPU
		{A97E200F-D4FE-4D4C-AF27-EDE78C210716}.Debug|Any CPU.Build.0 = Debug|Any CPU
		{A97E200F-D4FE-4D4C-AF27-EDE78C210716}.Release|Any CPU.ActiveCfg = Release|Any CPU
		{A97E200F-D4FE-4D4C-AF27-EDE78C210716}.Release|Any CPU.Build.0 = Release|Any CPU
	EndGlobalSection
	GlobalSection(SolutionProperties) = preSolution
		HideSolutionNode = FALSE
	EndGlobalSection
	GlobalSection(ExtensibilityGlobals) = postSolution
		SolutionGuid = {0991990B-81E5-472B-B134-64067367A706}
	EndGlobalSection
EndGlobal
